
Microsoft Visual Studio Solution File, Format Version 12.00
# Visual Studio Version 16
VisualStudioVersion = 16.0.31515.178
MinimumVisualStudioVersion = 10.0.40219.1
Project("{FAE04EC0-301F-11D3-BF4B-00C04F79EFBC}") = "直播源整理", "直播源整理\直播源整理.csproj", "{DB0C2EEF-A412-444A-9947-02F897CEBB27}"
EndProject
Project("{FAE04EC0-301F-11D3-BF4B-00C04F79EFBC}") = "直播源分类", "直播源分类\直播源分类.csproj", "{1F6B3413-77E6-450D-8079-47CB37DDDC87}"
EndProject
Global
	GlobalSection(SolutionConfigurationPlatforms) = preSolution
		Debug|Any CPU = Debug|Any CPU
		Release|Any CPU = Release|Any CPU
	EndGlobalSection
	GlobalSection(ProjectConfigurationPlatforms) = postSolution
		{DB0C2EEF-A412-444A-9947-02F897CEBB27}.Debug|Any CPU.ActiveCfg = Debug|Any CPU
		{DB0C2EEF-A412-444A-9947-02F897CEBB27}.Debug|Any CPU.Build.0 = Debug|Any CPU
		{DB0C2EEF-A412-444A-9947-02F897CEBB27}.Release|Any CPU.ActiveCfg = Release|Any CPU
		{DB0C2EEF-A412-444A-9947-02F897CEBB27}.Release|Any CPU.Build.0 = Release|Any CPU
		{1F6B3413-77E6-450D-8079-47CB37DDDC87}.Debug|Any CPU.ActiveCfg = Debug|Any CPU
		{1F6B3413-77E6-450D-8079-47CB37DDDC87}.Debug|Any CPU.Build.0 = Debug|Any CPU
		{1F6B3413-77E6-450D-8079-47CB37DDDC87}.Release|Any CPU.ActiveCfg = Release|Any CPU
		{1F6B3413-77E6-450D-8079-47CB37DDDC87}.Release|Any CPU.Build.0 = Release|Any CPU
	EndGlobalSection
	GlobalSection(SolutionProperties) = preSolution
		HideSolutionNode = FALSE
	EndGlobalSection
	GlobalSection(ExtensibilityGlobals) = postSolution
		SolutionGuid = {54EEB3A5-32C3-4081-95E2-E0402014EFC3}
	EndGlobalSection
EndGlobal
